
Microsoft Visual Studio Solution File, Format Version 12.00
# Visual Studio 14
VisualStudioVersion = 14.0.25420.1
MinimumVisualStudioVersion = 10.0.40219.1
Project("{2150E333-8FDC-42A3-9474-1A3956D46DE8}") = "src", "src", "{4C14C64E-907A-448F-A688-12EB865FACB1}"
EndProject
Project("{2150E333-8FDC-42A3-9474-1A3956D46DE8}") = "Solution Items", "Solution Items", "{C7663461-3DA8-4F47-AC9C-AF29289A0308}"
	ProjectSection(SolutionItems) = preProject
		global.json = global.json
	EndProjectSection
EndProject
Project("{8BB2217D-0F2D-49D1-97BC-3654ED321F3B}") = "Test", "src\Test\Test.xproj", "{640622DE-C6D6-4877-B946-9C9A8EF13245}"
EndProject
Project("{8BB2217D-0F2D-49D1-97BC-3654ED321F3B}") = "TypeScriptBuilder", "src\TypeScriptBuilder\TypeScriptBuilder.xproj", "{BB258769-D1D0-494E-92D3-943D4DA4EDB1}"
EndProject
Global
	GlobalSection(SolutionConfigurationPlatforms) = preSolution
		Debug|Any CPU = Debug|Any CPU
		Release|Any CPU = Release|Any CPU
	EndGlobalSection
	GlobalSection(ProjectConfigurationPlatforms) = postSolution
		{640622DE-C6D6-4877-B946-9C9A8EF13245}.Debug|Any CPU.ActiveCfg = Debug|Any CPU
		{640622DE-C6D6-4877-B946-9C9A8EF13245}.Debug|Any CPU.Build.0 = Debug|Any CPU
		{640622DE-C6D6-4877-B946-9C9A8EF13245}.Release|Any CPU.ActiveCfg = Release|Any CPU
		{640622DE-C6D6-4877-B946-9C9A8EF13245}.Release|Any CPU.Build.0 = Release|Any CPU
		{BB258769-D1D0-494E-92D3-943D4DA4EDB1}.Debug|Any CPU.ActiveCfg = Debug|Any CPU
		{BB258769-D1D0-494E-92D3-943D4DA4EDB1}.Debug|Any CPU.Build.0 = Debug|Any CPU
		{BB258769-D1D0-494E-92D3-943D4DA4EDB1}.Release|Any CPU.ActiveCfg = Release|Any CPU
		{BB258769-D1D0-494E-92D3-943D4DA4EDB1}.Release|Any CPU.Build.0 = Release|Any CPU
	EndGlobalSection
	GlobalSection(SolutionProperties) = preSolution
		HideSolutionNode = FALSE
	EndGlobalSection
	GlobalSection(NestedProjects) = preSolution
		{640622DE-C6D6-4877-B946-9C9A8EF13245} = {4C14C64E-907A-448F-A688-12EB865FACB1}
		{BB258769-D1D0-494E-92D3-943D4DA4EDB1} = {4C14C64E-907A-448F-A688-12EB865FACB1}
	EndGlobalSection
EndGlobal
